
Microsoft Visual Studio Solution File, Format Version 12.00
# Visual Studio 15
VisualStudioVersion = 15.0.27703.2035
MinimumVisualStudioVersion = 10.0.40219.1
Project("{FAE04EC0-301F-11D3-BF4B-00C04F79EFBC}") = "Summative 1", "Summative 1\Summative 1.csproj", "{F7D1BC07-2854-4F3C-848C-58C081FFB979}"
EndProject
Global
	GlobalSection(SolutionConfigurationPlatforms) = preSolution
		Debug|Any CPU = Debug|Any CPU
		Release|Any CPU = Release|Any CPU
	EndGlobalSection
	GlobalSection(ProjectConfigurationPlatforms) = postSolution
		{F7D1BC07-2854-4F3C-848C-58C081FFB979}.Debug|Any CPU.ActiveCfg = Debug|Any CPU
		{F7D1BC07-2854-4F3C-848C-58C081FFB979}.Debug|Any CPU.Build.0 = Debug|Any CPU
		{F7D1BC07-2854-4F3C-848C-58C081FFB979}.Release|Any CPU.ActiveCfg = Release|Any CPU
		{F7D1BC07-2854-4F3C-848C-58C081FFB979}.Release|Any CPU.Build.0 = Release|Any CPU
	EndGlobalSection
	GlobalSection(SolutionProperties) = preSolution
		HideSolutionNode = FALSE
	EndGlobalSection
	GlobalSection(ExtensibilityGlobals) = postSolution
		SolutionGuid = {33450CC3-E769-4663-96DD-F68D14823B3A}
	EndGlobalSection
EndGlobal
